{
  "name": "Qingcanyin",
  "version": "1.0.0",
  "lockfileVersion": 1,
  "requires": true,
  "dependencies": {
    "mini-antui": {
      "version": "0.4.10",
      "resolved": "https://registry.npmjs.org/mini-antui/-/mini-antui-0.4.10.tgz",
      "integrity": "sha512-BiOHkg9TzNcv5IJ6n+zu1Wfa+k/NdPZoMhDgNzjsu7vRHTz489L/A3H43iLIolYb0SCT44sYdKHQu4YqYfIaPw=="
    }
  }
}
