{
  "requires": true,
  "lockfileVersion": 1,
  "dependencies": {
    "mini-antui": {
      "version": "0.4.7",
      "resolved": "https://registry.npmjs.org/mini-antui/-/mini-antui-0.4.7.tgz",
      "integrity": "sha512-4aR56Mk7JlOCi0bm0Zy6Y9TsmFQeGOvv1ELFfxaT59eXzOxp7LgC5aqoIwlWpz2KacztU60Daa0GN3YrlHB9Uw=="
    }
  }
}
